// !$*UTF8*$!
{
	archiveVersion = 1;
	classes = {
	};
	objectVersion = 50;
	objects = {

/* Begin PBXBuildFile section */
		8623E9E72188D04F00FAD1B6 /* AppDelegate.swift in Sources */ = {isa = PBXBuildFile; fileRef = 8623E9E62188D04F00FAD1B6 /* AppDelegate.swift */; };
		8623E9E92188D04F00FAD1B6 /* ViewController.swift in Sources */ = {isa = PBXBuildFile; fileRef = 8623E9E82188D04F00FAD1B6 /* ViewController.swift */; };
		8623E9EC2188D04F00FAD1B6 /* Main.storyboard in Resources */ = {isa = PBXBuildFile; fileRef = 8623E9EA2188D04F00FAD1B6 /* Main.storyboard */; };
		8623E9EE2188D05000FAD1B6 /* Assets.xcassets in Resources */ = {isa = PBXBuildFile; fileRef = 8623E9ED2188D05000FAD1B6 /* Assets.xcassets */; };
		8623E9F12188D05000FAD1B6 /* LaunchScreen.storyboard in Resources */ = {isa = PBXBuildFile; fileRef = 8623E9EF2188D05000FAD1B6 /* LaunchScreen.storyboard */; };
		8623E9FC2188D05000FAD1B6 /* MoneyConverterTests.swift in Sources */ = {isa = PBXBuildFile; fileRef = 8623E9FB2188D05000FAD1B6 /* MoneyConverterTests.swift */; };
		8623EA072188D05000FAD1B6 /* MoneyConverterUITests.swift in Sources */ = {isa = PBXBuildFile; fileRef = 8623EA062188D05000FAD1B6 /* MoneyConverterUITests.swift */; };
		8623EA152188E11100FAD1B6 /* Moneda.swift in Sources */ = {isa = PBXBuildFile; fileRef = 8623EA142188E11100FAD1B6 /* Moneda.swift */; };
/* End PBXBuildFile section */

/* Begin PBXContainerItemProxy section */
		8623E9F82188D05000FAD1B6 /* PBXContainerItemProxy */ = {
			isa = PBXContainerItemProxy;
			containerPortal = 8623E9DB2188D04F00FAD1B6 /* Project object */;
			proxyType = 1;
			remoteGlobalIDString = 8623E9E22188D04F00FAD1B6;
			remoteInfo = MoneyConverter;
		};
		8623EA032188D05000FAD1B6 /* PBXContainerItemProxy */ = {
			isa = PBXContainerItemProxy;
			containerPortal = 8623E9DB2188D04F00FAD1B6 /* Project object */;
			proxyType = 1;
			remoteGlobalIDString = 8623E9E22188D04F00FAD1B6;
			remoteInfo = MoneyConverter;
		};
/* End PBXContainerItemProxy section */

/* Begin PBXFileReference section */
		8623E9E32188D04F00FAD1B6 /* MoneyConverter.app */ = {isa = PBXFileReference; explicitFileType = wrapper.application; includeInIndex = 0; path = MoneyConverter.app; sourceTree = BUILT_PRODUCTS_DIR; };
		8623E9E62188D04F00FAD1B6 /* AppDelegate.swift */ = {isa = PBXFileReference; lastKnownFileType = sourcecode.swift; path = AppDelegate.swift; sourceTree = "<group>"; };
		8623E9E82188D04F00FAD1B6 /* ViewController.swift */ = {isa = PBXFileReference; lastKnownFileType = sourcecode.swift; path = ViewController.swift; sourceTree = "<group>"; };
		8623E9EB2188D04F00FAD1B6 /* Base */ = {isa = PBXFileReference; lastKnownFileType = file.storyboard; name = Base; path = Base.lproj/Main.storyboard; sourceTree = "<group>"; };
		8623E9ED2188D05000FAD1B6 /* Assets.xcassets */ = {isa = PBXFileReference; lastKnownFileType = folder.assetcatalog; path = Assets.xcassets; sourceTree = "<group>"; };
		8623E9F02188D05000FAD1B6 /* Base */ = {isa = PBXFileReference; lastKnownFileType = file.storyboard; name = Base; path = Base.lproj/LaunchScreen.storyboard; sourceTree = "<group>"; };
		8623E9F22188D05000FAD1B6 /* Info.plist */ = {isa = PBXFileReference; lastKnownFileType = text.plist.xml; path = Info.plist; sourceTree = "<group>"; };
		8623E9F72188D05000FAD1B6 /* MoneyConverterTests.xctest */ = {isa = PBXFileReference; explicitFileType = wrapper.cfbundle; includeInIndex = 0; path = MoneyConverterTests.xctest; sourceTree = BUILT_PRODUCTS_DIR; };
		8623E9FB2188D05000FAD1B6 /* MoneyConverterTests.swift */ = {isa = PBXFileReference; lastKnownFileType = sourcecode.swift; path = MoneyConverterTests.swift; sourceTree = "<group>"; };
		8623E9FD2188D05000FAD1B6 /* Info.plist */ = {isa = PBXFileReference; lastKnownFileType = text.plist.xml; path = Info.plist; sourceTree = "<group>"; };
		8623EA022188D05000FAD1B6 /* MoneyConverterUITests.xctest */ = {isa = PBXFileReference; explicitFileType = wrapper.cfbundle; includeInIndex = 0; path = MoneyConverterUITests.xctest; sourceTree = BUILT_PRODUCTS_DIR; };
		8623EA062188D05000FAD1B6 /* MoneyConverterUITests.swift */ = {isa = PBXFileReference; lastKnownFileType = sourcecode.swift; path = MoneyConverterUITests.swift; sourceTree = "<group>"; };
		8623EA082188D05000FAD1B6 /* Info.plist */ = {isa = PBXFileReference; lastKnownFileType = text.plist.xml; path = Info.plist; sourceTree = "<group>"; };
		8623EA142188E11100FAD1B6 /* Moneda.swift */ = {isa = PBXFileReference; lastKnownFileType = sourcecode.swift; path = Moneda.swift; sourceTree = "<group>"; };
/* End PBXFileReference section */

/* Begin PBXFrameworksBuildPhase section */
		8623E9E02188D04F00FAD1B6 /* Frameworks */ = {
			isa = PBXFrameworksBuildPhase;
			buildActionMask = 2147483647;
			files = (
			);
			runOnlyForDeploymentPostprocessing = 0;
		};
		8623E9F42188D05000FAD1B6 /* Frameworks */ = {
			isa = PBXFrameworksBuildPhase;
			buildActionMask = 2147483647;
			files = (
			);
			runOnlyForDeploymentPostprocessing = 0;
		};
		8623E9FF2188D05000FAD1B6 /* Frameworks */ = {
			isa = PBXFrameworksBuildPhase;
			buildActionMask = 2147483647;
			files = (
			);
			runOnlyForDeploymentPostprocessing = 0;
		};
/* End PBXFrameworksBuildPhase section */

/* Begin PBXGroup section */
		8623E9DA2188D04F00FAD1B6 = {
			isa = PBXGroup;
			children = (
				8623E9E52188D04F00FAD1B6 /* MoneyConverter */,
				8623E9FA2188D05000FAD1B6 /* MoneyConverterTests */,
				8623EA052188D05000FAD1B6 /* MoneyConverterUITests */,
				8623E9E42188D04F00FAD1B6 /* Products */,
			);
			sourceTree = "<group>";
		};
		8623E9E42188D04F00FAD1B6 /* Products */ = {
			isa = PBXGroup;
			children = (
				8623E9E32188D04F00FAD1B6 /* MoneyConverter.app */,
				8623E9F72188D05000FAD1B6 /* MoneyConverterTests.xctest */,
				8623EA022188D05000FAD1B6 /* MoneyConverterUITests.xctest */,
			);
			name = Products;
			sourceTree = "<group>";
		};
		8623E9E52188D04F00FAD1B6 /* MoneyConverter */ = {
			isa = PBXGroup;
			children = (
				8623E9E62188D04F00FAD1B6 /* AppDelegate.swift */,
				8623E9E82188D04F00FAD1B6 /* ViewController.swift */,
				8623E9EA2188D04F00FAD1B6 /* Main.storyboard */,
				8623E9ED2188D05000FAD1B6 /* Assets.xcassets */,
				8623E9EF2188D05000FAD1B6 /* LaunchScreen.storyboard */,
				8623E9F22188D05000FAD1B6 /* Info.plist */,
				8623EA142188E11100FAD1B6 /* Moneda.swift */,
			);
			path = MoneyConverter;
			sourceTree = "<group>";
		};
		8623E9FA2188D05000FAD1B6 /* MoneyConverterTests */ = {
			isa = PBXGroup;
			children = (
				8623E9FB2188D05000FAD1B6 /* MoneyConverterTests.swift */,
				8623E9FD2188D05000FAD1B6 /* Info.plist */,
			);
			path = MoneyConverterTests;
			sourceTree = "<group>";
		};
		8623EA052188D05000FAD1B6 /* MoneyConverterUITests */ = {
			isa = PBXGroup;
			children = (
				8623EA062188D05000FAD1B6 /* MoneyConverterUITests.swift */,
				8623EA082188D05000FAD1B6 /* Info.plist */,
			);
			path = MoneyConverterUITests;
			sourceTree = "<group>";
		};
/* End PBXGroup section */

/* Begin PBXNativeTarget section */
		8623E9E22188D04F00FAD1B6 /* MoneyConverter */ = {
			isa = PBXNativeTarget;
			buildConfigurationList = 8623EA0B2188D05000FAD1B6 /* Build configuration list for PBXNativeTarget "MoneyConverter" */;
			buildPhases = (
				8623E9DF2188D04F00FAD1B6 /* Sources */,
				8623E9E02188D04F00FAD1B6 /* Frameworks */,
				8623E9E12188D04F00FAD1B6 /* Resources */,
			);
			buildRules = (
			);
			dependencies = (
			);
			name = MoneyConverter;
			productName = MoneyConverter;
			productReference = 8623E9E32188D04F00FAD1B6 /* MoneyConverter.app */;
			productType = "com.apple.product-type.application";
		};
		8623E9F62188D05000FAD1B6 /* MoneyConverterTests */ = {
			isa = PBXNativeTarget;
			buildConfigurationList = 8623EA0E2188D05000FAD1B6 /* Build configuration list for PBXNativeTarget "MoneyConverterTests" */;
			buildPhases = (
				8623E9F32188D05000FAD1B6 /* Sources */,
				8623E9F42188D05000FAD1B6 /* Frameworks */,
				8623E9F52188D05000FAD1B6 /* Resources */,
			);
			buildRules = (
			);
			dependencies = (
				8623E9F92188D05000FAD1B6 /* PBXTargetDependency */,
			);
			name = MoneyConverterTests;
			productName = MoneyConverterTests;
			productReference = 8623E9F72188D05000FAD1B6 /* MoneyConverterTests.xctest */;
			productType = "com.apple.product-type.bundle.unit-test";
		};
		8623EA012188D05000FAD1B6 /* MoneyConverterUITests */ = {
			isa = PBXNativeTarget;
			buildConfigurationList = 8623EA112188D05000FAD1B6 /* Build configuration list for PBXNativeTarget "MoneyConverterUITests" */;
			buildPhases = (
				8623E9FE2188D05000FAD1B6 /* Sources */,
				8623E9FF2188D05000FAD1B6 /* Frameworks */,
				8623EA002188D05000FAD1B6 /* Resources */,
			);
			buildRules = (
			);
			dependencies = (
				8623EA042188D05000FAD1B6 /* PBXTargetDependency */,
			);
			name = MoneyConverterUITests;
			productName = MoneyConverterUITests;
			productReference = 8623EA022188D05000FAD1B6 /* MoneyConverterUITests.xctest */;
			productType = "com.apple.product-type.bundle.ui-testing";
		};
/* End PBXNativeTarget section */

/* Begin PBXProject section */
		8623E9DB2188D04F00FAD1B6 /* Project object */ = {
			isa = PBXProject;
			attributes = {
				LastSwiftUpdateCheck = 0940;
				LastUpgradeCheck = 0940;
				ORGANIZATIONNAME = "Daniel Tarrasso";
				TargetAttributes = {
					8623E9E22188D04F00FAD1B6 = {
						CreatedOnToolsVersion = 9.4.1;
					};
					8623E9F62188D05000FAD1B6 = {
						CreatedOnToolsVersion = 9.4.1;
						TestTargetID = 8623E9E22188D04F00FAD1B6;
					};
					8623EA012188D05000FAD1B6 = {
						CreatedOnToolsVersion = 9.4.1;
						TestTargetID = 8623E9E22188D04F00FAD1B6;
					};
				};
			};
			buildConfigurationList = 8623E9DE2188D04F00FAD1B6 /* Build configuration list for PBXProject "MoneyConverter" */;
			compatibilityVersion = "Xcode 9.3";
			developmentRegion = en;
			hasScannedForEncodings = 0;
			knownRegions = (
				en,
				Base,
			);
			mainGroup = 8623E9DA2188D04F00FAD1B6;
			productRefGroup = 8623E9E42188D04F00FAD1B6 /* Products */;
			projectDirPath = "";
			projectRoot = "";
			targets = (
				8623E9E22188D04F00FAD1B6 /* MoneyConverter */,
				8623E9F62188D05000FAD1B6 /* MoneyConverterTests */,
				8623EA012188D05000FAD1B6 /* MoneyConverterUITests */,
			);
		};
/* End PBXProject section */

/* Begin PBXResourcesBuildPhase section */
		8623E9E12188D04F00FAD1B6 /* Resources */ = {
			isa = PBXResourcesBuildPhase;
			buildActionMask = 2147483647;
			files = (
				8623E9F12188D05000FAD1B6 /* LaunchScreen.storyboard in Resources */,
				8623E9EE2188D05000FAD1B6 /* Assets.xcassets in Resources */,
				8623E9EC2188D04F00FAD1B6 /* Main.storyboard in Resources */,
			);
			runOnlyForDeploymentPostprocessing = 0;
		};
		8623E9F52188D05000FAD1B6 /* Resources */ = {
			isa = PBXResourcesBuildPhase;
			buildActionMask = 2147483647;
			files = (
			);
			runOnlyForDeploymentPostprocessing = 0;
		};
		8623EA002188D05000FAD1B6 /* Resources */ = {
			isa = PBXResourcesBuildPhase;
			buildActionMask = 2147483647;
			files = (
			);
			runOnlyForDeploymentPostprocessing = 0;
		};
/* End PBXResourcesBuildPhase section */

/* Begin PBXSourcesBuildPhase section */
		8623E9DF2188D04F00FAD1B6 /* Sources */ = {
			isa = PBXSourcesBuildPhase;
			buildActionMask = 2147483647;
			files = (
				8623EA152188E11100FAD1B6 /* Moneda.swift in Sources */,
				8623E9E92188D04F00FAD1B6 /* ViewController.swift in Sources */,
				8623E9E72188D04F00FAD1B6 /* AppDelegate.swift in Sources */,
			);
			runOnlyForDeploymentPostprocessing = 0;
		};
		8623E9F32188D05000FAD1B6 /* Sources */ = {
			isa = PBXSourcesBuildPhase;
			buildActionMask = 2147483647;
			files = (
				8623E9FC2188D05000FAD1B6 /* MoneyConverterTests.swift in Sources */,
			);
			runOnlyForDeploymentPostprocessing = 0;
		};
		8623E9FE2188D05000FAD1B6 /* Sources */ = {
			isa = PBXSourcesBuildPhase;
			buildActionMask = 2147483647;
			files = (
				8623EA072188D05000FAD1B6 /* MoneyConverterUITests.swift in Sources */,
			);
			runOnlyForDeploymentPostprocessing = 0;
		};
/* End PBXSourcesBuildPhase section */

/* Begin PBXTargetDependency section */
		8623E9F92188D05000FAD1B6 /* PBXTargetDependency */ = {
			isa = PBXTargetDependency;
			target = 8623E9E22188D04F00FAD1B6 /* MoneyConverter */;
			targetProxy = 8623E9F82188D05000FAD1B6 /* PBXContainerItemProxy */;
		};
		8623EA042188D05000FAD1B6 /* PBXTargetDependency */ = {
			isa = PBXTargetDependency;
			target = 8623E9E22188D04F00FAD1B6 /* MoneyConverter */;
			targetProxy = 8623EA032188D05000FAD1B6 /* PBXContainerItemProxy */;
		};
/* End PBXTargetDependency section */

/* Begin PBXVariantGroup section */
		8623E9EA2188D04F00FAD1B6 /* Main.storyboard */ = {
			isa = PBXVariantGroup;
			children = (
				8623E9EB2188D04F00FAD1B6 /* Base */,
			);
			name = Main.storyboard;
			sourceTree = "<group>";
		};
		8623E9EF2188D05000FAD1B6 /* LaunchScreen.storyboard */ = {
			isa = PBXVariantGroup;
			children = (
				8623E9F02188D05000FAD1B6 /* Base */,
			);
			name = LaunchScreen.storyboard;
			sourceTree = "<group>";
		};
/* End PBXVariantGroup section */

/* Begin XCBuildConfiguration section */
		8623EA092188D05000FAD1B6 /* Debug */ = {
			isa = XCBuildConfiguration;
			buildSettings = {
				ALWAYS_SEARCH_USER_PATHS = NO;
				CLANG_ANALYZER_NONNULL = YES;
				CLANG_ANALYZER_NUMBER_OBJECT_CONVERSION = YES_AGGRESSIVE;
				CLANG_CXX_LANGUAGE_STANDARD = "gnu++14";
				CLANG_CXX_LIBRARY = "libc++";
				CLANG_ENABLE_MODULES = YES;
				CLANG_ENABLE_OBJC_ARC = YES;
				CLANG_ENABLE_OBJC_WEAK = YES;
				CLANG_WARN_BLOCK_CAPTURE_AUTORELEASING = YES;
				CLANG_WARN_BOOL_CONVERSION = YES;
				CLANG_WARN_COMMA = YES;
				CLANG_WARN_CONSTANT_CONVERSION = YES;
				CLANG_WARN_DEPRECATED_OBJC_IMPLEMENTATIONS = YES;
				CLANG_WARN_DIRECT_OBJC_ISA_USAGE = YES_ERROR;
				CLANG_WARN_DOCUMENTATION_COMMENTS = YES;
				CLANG_WARN_EMPTY_BODY = YES;
				CLANG_WARN_ENUM_CONVERSION = YES;
				CLANG_WARN_INFINITE_RECURSION = YES;
				CLANG_WARN_INT_CONVERSION = YES;
				CLANG_WARN_NON_LITERAL_NULL_CONVERSION = YES;
				CLANG_WARN_OBJC_IMPLICIT_RETAIN_SELF = YES;
				CLANG_WARN_OBJC_LITERAL_CONVERSION = YES;
				CLANG_WARN_OBJC_ROOT_CLASS = YES_ERROR;
				CLANG_WARN_RANGE_LOOP_ANALYSIS = YES;
				CLANG_WARN_STRICT_PROTOTYPES = YES;
				CLANG_WARN_SUSPICIOUS_MOVE = YES;
				CLANG_WARN_UNGUARDED_AVAILABILITY = YES_AGGRESSIVE;
				CLANG_WARN_UNREACHABLE_CODE = YES;
				CLANG_WARN__DUPLICATE_METHOD_MATCH = YES;
				CODE_SIGN_IDENTITY = "iPhone Developer";
				COPY_PHASE_STRIP = NO;
				DEBUG_INFORMATION_FORMAT = dwarf;
				ENABLE_STRICT_OBJC_MSGSEND = YES;
				ENABLE_TESTABILITY = YES;
				GCC_C_LANGUAGE_STANDARD = gnu11;
				GCC_DYNAMIC_NO_PIC = NO;
				GCC_NO_COMMON_BLOCKS = YES;
				GCC_OPTIMIZATION_LEVEL = 0;
				GCC_PREPROCESSOR_DEFINITIONS = (
					"DEBUG=1",
					"$(inherited)",
				);
				GCC_WARN_64_TO_32_BIT_CONVERSION = YES;
				GCC_WARN_ABOUT_RETURN_TYPE = YES_ERROR;
				GCC_WARN_UNDECLARED_SELECTOR = YES;
				GCC_WARN_UNINITIALIZED_AUTOS = YES_AGGRESSIVE;
				GCC_WARN_UNUSED_FUNCTION = YES;
				GCC_WARN_UNUSED_VARIABLE = YES;
				IPHONEOS_DEPLOYMENT_TARGET = 11.4;
				MTL_ENABLE_DEBUG_INFO = YES;
				ONLY_ACTIVE_ARCH = YES;
				SDKROOT = iphoneos;
				SWIFT_ACTIVE_COMPILATION_CONDITIONS = DEBUG;
				SWIFT_OPTIMIZATION_LEVEL = "-Onone";
			};
			name = Debug;
		};
		8623EA0A2188D05000FAD1B6 /* Release */ = {
			isa = XCBuildConfiguration;
			buildSettings = {
				ALWAYS_SEARCH_USER_PATHS = NO;
				CLANG_ANALYZER_NONNULL = YES;
				CLANG_ANALYZER_NUMBER_OBJECT_CONVERSION = YES_AGGRESSIVE;
				CLANG_CXX_LANGUAGE_STANDARD = "gnu++14";
				CLANG_CXX_LIBRARY = "libc++";
				CLANG_ENABLE_MODULES = YES;
				CLANG_ENABLE_OBJC_ARC = YES;
				CLANG_ENABLE_OBJC_WEAK = YES;
				CLANG_WARN_BLOCK_CAPTURE_AUTORELEASING = YES;
				CLANG_WARN_BOOL_CONVERSION = YES;
				CLANG_WARN_COMMA = YES;
				CLANG_WARN_CONSTANT_CONVERSION = YES;
				CLANG_WARN_DEPRECATED_OBJC_IMPLEMENTATIONS = YES;
				CLANG_WARN_DIRECT_OBJC_ISA_USAGE = YES_ERROR;
				CLANG_WARN_DOCUMENTATION_COMMENTS = YES;
				CLANG_WARN_EMPTY_BODY = YES;
				CLANG_WARN_ENUM_CONVERSION = YES;
				CLANG_WARN_INFINITE_RECURSION = YES;
				CLANG_WARN_INT_CONVERSION = YES;
				CLANG_WARN_NON_LITERAL_NULL_CONVERSION = YES;
				CLANG_WARN_OBJC_IMPLICIT_RETAIN_SELF = YES;
				CLANG_WARN_OBJC_LITERAL_CONVERSION = YES;
				CLANG_WARN_OBJC_ROOT_CLASS = YES_ERROR;
				CLANG_WARN_RANGE_LOOP_ANALYSIS = YES;
				CLANG_WARN_STRICT_PROTOTYPES = YES;
				CLANG_WARN_SUSPICIOUS_MOVE = YES;
				CLANG_WARN_UNGUARDED_AVAILABILITY = YES_AGGRESSIVE;
				CLANG_WARN_UNREACHABLE_CODE = YES;
				CLANG_WARN__DUPLICATE_METHOD_MATCH = YES;
				CODE_SIGN_IDENTITY = "iPhone Developer";
				COPY_PHASE_STRIP = NO;
				DEBUG_INFORMATION_FORMAT = "dwarf-with-dsym";
				ENABLE_NS_ASSERTIONS = NO;
				ENABLE_STRICT_OBJC_MSGSEND = YES;
				GCC_C_LANGUAGE_STANDARD = gnu11;
				GCC_NO_COMMON_BLOCKS = YES;
				GCC_WARN_64_TO_32_BIT_CONVERSION = YES;
				GCC_WARN_ABOUT_RETURN_TYPE = YES_ERROR;
				GCC_WARN_UNDECLARED_SELECTOR = YES;
				GCC_WARN_UNINITIALIZED_AUTOS = YES_AGGRESSIVE;
				GCC_WARN_UNUSED_FUNCTION = YES;
				GCC_WARN_UNUSED_VARIABLE = YES;
				IPHONEOS_DEPLOYMENT_TARGET = 11.4;
				MTL_ENABLE_DEBUG_INFO = NO;
				SDKROOT = iphoneos;
				SWIFT_COMPILATION_MODE = wholemodule;
				SWIFT_OPTIMIZATION_LEVEL = "-O";
				VALIDATE_PRODUCT = YES;
			};
			name = Release;
		};
		8623EA0C2188D05000FAD1B6 /* Debug */ = {
			isa = XCBuildConfiguration;
			buildSettings = {
				ASSETCATALOG_COMPILER_APPICON_NAME = AppIcon;
				CODE_SIGN_STYLE = Automatic;
				INFOPLIST_FILE = MoneyConverter/Info.plist;
				LD_RUNPATH_SEARCH_PATHS = (
					"$(inherited)",
					"@executable_path/Frameworks",
				);
				PRODUCT_BUNDLE_IDENTIFIER = Danielo.MoneyConverter;
				PRODUCT_NAME = "$(TARGET_NAME)";
				SWIFT_VERSION = 4.0;
				TARGETED_DEVICE_FAMILY = "1,2";
			};
			name = Debug;
		};
		8623EA0D2188D05000FAD1B6 /* Release */ = {
			isa = XCBuildConfiguration;
			buildSettings = {
				ASSETCATALOG_COMPILER_APPICON_NAME = AppIcon;
				CODE_SIGN_STYLE = Automatic;
				INFOPLIST_FILE = MoneyConverter/Info.plist;
				LD_RUNPATH_SEARCH_PATHS = (
					"$(inherited)",
					"@executable_path/Frameworks",
				);
				PRODUCT_BUNDLE_IDENTIFIER = Danielo.MoneyConverter;
				PRODUCT_NAME = "$(TARGET_NAME)";
				SWIFT_VERSION = 4.0;
				TARGETED_DEVICE_FAMILY = "1,2";
			};
			name = Release;
		};
		8623EA0F2188D05000FAD1B6 /* Debug */ = {
			isa = XCBuildConfiguration;
			buildSettings = {
				ALWAYS_EMBED_SWIFT_STANDARD_LIBRARIES = YES;
				BUNDLE_LOADER = "$(TEST_HOST)";
				CODE_SIGN_STYLE = Automatic;
				INFOPLIST_FILE = MoneyConverterTests/Info.plist;
				LD_RUNPATH_SEARCH_PATHS = (
					"$(inherited)",
					"@executable_path/Frameworks",
					"@loader_path/Frameworks",
				);
				PRODUCT_BUNDLE_IDENTIFIER = Danielo.MoneyConverterTests;
				PRODUCT_NAME = "$(TARGET_NAME)";
				SWIFT_VERSION = 4.0;
				TARGETED_DEVICE_FAMILY = "1,2";
				TEST_HOST = "$(BUILT_PRODUCTS_DIR)/MoneyConverter.app/MoneyConverter";
			};
			name = Debug;
		};
		8623EA102188D05000FAD1B6 /* Release */ = {
			isa = XCBuildConfiguration;
			buildSettings = {
				ALWAYS_EMBED_SWIFT_STANDARD_LIBRARIES = YES;
				BUNDLE_LOADER = "$(TEST_HOST)";
				CODE_SIGN_STYLE = Automatic;
				INFOPLIST_FILE = MoneyConverterTests/Info.plist;
				LD_RUNPATH_SEARCH_PATHS = (
					"$(inherited)",
					"@executable_path/Frameworks",
					"@loader_path/Frameworks",
				);
				PRODUCT_BUNDLE_IDENTIFIER = Danielo.MoneyConverterTests;
				PRODUCT_NAME = "$(TARGET_NAME)";
				SWIFT_VERSION = 4.0;
				TARGETED_DEVICE_FAMILY = "1,2";
				TEST_HOST = "$(BUILT_PRODUCTS_DIR)/MoneyConverter.app/MoneyConverter";
			};
			name = Release;
		};
		8623EA122188D05000FAD1B6 /* Debug */ = {
			isa = XCBuildConfiguration;
			buildSettings = {
				ALWAYS_EMBED_SWIFT_STANDARD_LIBRARIES = YES;
				CODE_SIGN_STYLE = Automatic;
				INFOPLIST_FILE = MoneyConverterUITests/Info.plist;
				LD_RUNPATH_SEARCH_PATHS = (
					"$(inherited)",
					"@executable_path/Frameworks",
					"@loader_path/Frameworks",
				);
				PRODUCT_BUNDLE_IDENTIFIER = Danielo.MoneyConverterUITests;
				PRODUCT_NAME = "$(TARGET_NAME)";
				SWIFT_VERSION = 4.0;
				TARGETED_DEVICE_FAMILY = "1,2";
				TEST_TARGET_NAME = MoneyConverter;
			};
			name = Debug;
		};
		8623EA132188D05000FAD1B6 /* Release */ = {
			isa = XCBuildConfiguration;
			buildSettings = {
				ALWAYS_EMBED_SWIFT_STANDARD_LIBRARIES = YES;
				CODE_SIGN_STYLE = Automatic;
				INFOPLIST_FILE = MoneyConverterUITests/Info.plist;
				LD_RUNPATH_SEARCH_PATHS = (
					"$(inherited)",
					"@executable_path/Frameworks",
					"@loader_path/Frameworks",
				);
				PRODUCT_BUNDLE_IDENTIFIER = Danielo.MoneyConverterUITests;
				PRODUCT_NAME = "$(TARGET_NAME)";
				SWIFT_VERSION = 4.0;
				TARGETED_DEVICE_FAMILY = "1,2";
				TEST_TARGET_NAME = MoneyConverter;
			};
			name = Release;
		};
/* End XCBuildConfiguration section */

/* Begin XCConfigurationList section */
		8623E9DE2188D04F00FAD1B6 /* Build configuration list for PBXProject "MoneyConverter" */ = {
			isa = XCConfigurationList;
			buildConfigurations = (
				8623EA092188D05000FAD1B6 /* Debug */,
				8623EA0A2188D05000FAD1B6 /* Release */,
			);
			defaultConfigurationIsVisible = 0;
			defaultConfigurationName = Release;
		};
		8623EA0B2188D05000FAD1B6 /* Build configuration list for PBXNativeTarget "MoneyConverter" */ = {
			isa = XCConfigurationList;
			buildConfigurations = (
				8623EA0C2188D05000FAD1B6 /* Debug */,
				8623EA0D2188D05000FAD1B6 /* Release */,
			);
			defaultConfigurationIsVisible = 0;
			defaultConfigurationName = Release;
		};
		8623EA0E2188D05000FAD1B6 /* Build configuration list for PBXNativeTarget "MoneyConverterTests" */ = {
			isa = XCConfigurationList;
			buildConfigurations = (
				8623EA0F2188D05000FAD1B6 /* Debug */,
				8623EA102188D05000FAD1B6 /* Release */,
			);
			defaultConfigurationIsVisible = 0;
			defaultConfigurationName = Release;
		};
		8623EA112188D05000FAD1B6 /* Build configuration list for PBXNativeTarget "MoneyConverterUITests" */ = {
			isa = XCConfigurationList;
			buildConfigurations = (
				8623EA122188D05000FAD1B6 /* Debug */,
				8623EA132188D05000FAD1B6 /* Release */,
			);
			defaultConfigurationIsVisible = 0;
			defaultConfigurationName = Release;
		};
/* End XCConfigurationList section */
	};
	rootObject = 8623E9DB2188D04F00FAD1B6 /* Project object */;
}
